
Microsoft Visual Studio Solution File, Format Version 12.00
# Visual Studio Version 17
VisualStudioVersion = 17.0.31903.59
MinimumVisualStudioVersion = 10.0.40219.1
Project("{FAE04EC0-301F-11D3-BF4B-00C04F79EFBC}") = "OniFriendlyFlydos", "src/OniFriendlyFlydos/OniFriendlyFlydos.csproj", "{A89CFC42-3D3C-46E3-9124-951D6EDC5BCB}"
EndProject
Project("{FAE04EC0-301F-11D3-BF4B-00C04F79EFBC}") = "OniFriendlyFlydos.Tests", "tests/OniFriendlyFlydos.Tests/OniFriendlyFlydos.Tests.csproj", "{96F2FE05-58A5-4736-BD39-C63A1D31D623}"
EndProject
Global
	GlobalSection(SolutionConfigurationPlatforms) = preSolution
		Debug|Any CPU = Debug|Any CPU
		Release|Any CPU = Release|Any CPU
	EndGlobalSection
	GlobalSection(ProjectConfigurationPlatforms) = postSolution
		{A89CFC42-3D3C-46E3-9124-951D6EDC5BCB}.Debug|Any CPU.ActiveCfg = Debug|Any CPU
		{A89CFC42-3D3C-46E3-9124-951D6EDC5BCB}.Debug|Any CPU.Build.0 = Debug|Any CPU
		{A89CFC42-3D3C-46E3-9124-951D6EDC5BCB}.Release|Any CPU.ActiveCfg = Release|Any CPU
		{A89CFC42-3D3C-46E3-9124-951D6EDC5BCB}.Release|Any CPU.Build.0 = Release|Any CPU
		{96F2FE05-58A5-4736-BD39-C63A1D31D623}.Debug|Any CPU.ActiveCfg = Debug|Any CPU
		{96F2FE05-58A5-4736-BD39-C63A1D31D623}.Debug|Any CPU.Build.0 = Debug|Any CPU
		{96F2FE05-58A5-4736-BD39-C63A1D31D623}.Release|Any CPU.ActiveCfg = Release|Any CPU
		{96F2FE05-58A5-4736-BD39-C63A1D31D623}.Release|Any CPU.Build.0 = Release|Any CPU
	EndGlobalSection
EndGlobal
